
Microsoft Visual Studio Solution File, Format Version 12.00
# Visual Studio Version 17
VisualStudioVersion = 17.8.34525.116
MinimumVisualStudioVersion = 10.0.40219.1
Project("{FAE04EC0-301F-11D3-BF4B-00C04F79EFBC}") = "PrimeiroMaui", "PrimeiroMaui\PrimeiroMaui.csproj", "{51B6677C-50A5-49F8-822B-CE52247C893E}"
EndProject
Global
	GlobalSection(SolutionConfigurationPlatforms) = preSolution
		Debug|Any CPU = Debug|Any CPU
		Release|Any CPU = Release|Any CPU
	EndGlobalSection
	GlobalSection(ProjectConfigurationPlatforms) = postSolution
		{51B6677C-50A5-49F8-822B-CE52247C893E}.Debug|Any CPU.ActiveCfg = Debug|Any CPU
		{51B6677C-50A5-49F8-822B-CE52247C893E}.Debug|Any CPU.Build.0 = Debug|Any CPU
		{51B6677C-50A5-49F8-822B-CE52247C893E}.Debug|Any CPU.Deploy.0 = Debug|Any CPU
		{51B6677C-50A5-49F8-822B-CE52247C893E}.Release|Any CPU.ActiveCfg = Release|Any CPU
		{51B6677C-50A5-49F8-822B-CE52247C893E}.Release|Any CPU.Build.0 = Release|Any CPU
		{51B6677C-50A5-49F8-822B-CE52247C893E}.Release|Any CPU.Deploy.0 = Release|Any CPU
	EndGlobalSection
	GlobalSection(SolutionProperties) = preSolution
		HideSolutionNode = FALSE
	EndGlobalSection
	GlobalSection(ExtensibilityGlobals) = postSolution
		SolutionGuid = {5EA5A738-D58E-4834-AD35-647FD80E297B}
	EndGlobalSection
EndGlobal
